PODS:
  - AFNetworking (1.2.0)
  - CocoaLumberjack (1.8.1):
    - CocoaLumberjack/Extensions
  - CocoaLumberjack/Core (1.8.1)
  - CocoaLumberjack/Extensions (1.8.1):
    - CocoaLumberjack/Core
  - NSObject-SafeExpectations (0.0.1)
  - OCMock (2.2.4)
  - OHHTTPStubs (3.1.1)

DEPENDENCIES:
  - AFNetworking (= 1.2.0)
  - CocoaLumberjack (~> 1.8.1)
  - NSObject-SafeExpectations (from `https://raw.github.com/koke/NSObject-SafeExpectations/master/NSObject-SafeExpectations.podspec`)
  - OCMock
  - OHHTTPStubs (= 3.1.1)

EXTERNAL SOURCES:
  NSObject-SafeExpectations:
    :podspec: https://raw.github.com/koke/NSObject-SafeExpectations/master/NSObject-SafeExpectations.podspec

SPEC CHECKSUMS:
  AFNetworking: 3cbae45f61a9f995cdbd56bd571223910d7f4e44
  CocoaLumberjack: 020378ec400d658923bf5887178394f65f052c90
  NSObject-SafeExpectations: 241ab1289cbc33a00307cd025d22883646f2e1f0
  OCMock: 5008fae4b4789b8fc3e48cd7660f2eb5ef8ce89e
  OHHTTPStubs: be1c4263e49191b586d8313dcd6068da6f699d2c

COCOAPODS: 0.32.1
