PODS:
  - AFNetworking (1.2.0)
  - CocoaLumberjack (1.8.1):
    - CocoaLumberjack/Extensions
  - CocoaLumberjack/Core (1.8.1)
  - CocoaLumberjack/Extensions (1.8.1):
    - CocoaLumberjack/Core
  - OCMock (2.2.4)
  - OHHTTPStubs (3.1.1)

DEPENDENCIES:
  - AFNetworking (= 1.2.0)
  - CocoaLumberjack (~> 1.8.1)
  - OCMock
  - OHHTTPStubs (= 3.1.1)

SPEC CHECKSUMS:
  AFNetworking: 3cbae45f61a9f995cdbd56bd571223910d7f4e44
  CocoaLumberjack: 020378ec400d658923bf5887178394f65f052c90
  OCMock: 5008fae4b4789b8fc3e48cd7660f2eb5ef8ce89e
  OHHTTPStubs: be1c4263e49191b586d8313dcd6068da6f699d2c

COCOAPODS: 0.32.1
