PODS:
  - AFNetworking (2.3.1):
    - AFNetworking/NSURLConnection (= 2.3.1)
    - AFNetworking/NSURLSession (= 2.3.1)
    - AFNetworking/Reachability (= 2.3.1)
    - AFNetworking/Security (= 2.3.1)
    - AFNetworking/Serialization (= 2.3.1)
    - AFNetworking/UIKit (= 2.3.1)
  - AFNetworking/NSURLConnection (2.3.1):
    - AFNetworking/Reachability
    - AFNetworking/Security
    - AFNetworking/Serialization
  - AFNetworking/NSURLSession (2.3.1):
    - AFNetworking/Reachability
    - AFNetworking/Security
    - AFNetworking/Serialization
  - AFNetworking/Reachability (2.3.1)
  - AFNetworking/Security (2.3.1)
  - AFNetworking/Serialization (2.3.1)
  - AFNetworking/UIKit (2.3.1):
    - AFNetworking/NSURLConnection
    - AFNetworking/NSURLSession
  - CocoaLumberjack (1.9.2):
    - CocoaLumberjack/Extensions (= 1.9.2)
  - CocoaLumberjack/Core (1.9.2)
  - CocoaLumberjack/Extensions (1.9.2):
    - CocoaLumberjack/Core
  - HockeySDK (3.6.2)
  - NSObject-SafeExpectations (0.0.2)
  - WordPress-iOS-Shared (0.1.7):
    - AFNetworking (~> 2.3.1)
    - CocoaLumberjack (~> 1.9)
  - WordPressCom-Analytics-iOS (0.0.24)
  - WordPressCom-Stats-iOS (0.2.0):
    - AFNetworking (~> 2.3.1)
    - CocoaLumberjack (~> 1.9)
    - NSObject-SafeExpectations (= 0.0.2)
    - WordPress-iOS-Shared (~> 0.1.6)
    - WordPressCom-Analytics-iOS

DEPENDENCIES:
  - HockeySDK
  - WordPressCom-Stats-iOS (from `../`)

EXTERNAL SOURCES:
  WordPressCom-Stats-iOS:
    :path: ../

SPEC CHECKSUMS:
  AFNetworking: 6d7b76aa5d04c8c37daad3eef4b7e3f2a7620da3
  CocoaLumberjack: 205769c032b5fef85b92472046bcc8b7e7c8a817
  HockeySDK: bfd1f5ac75938b07499c4ac12932244b72a2e70b
  NSObject-SafeExpectations: c31276ef7209016849fc4e5c8ed5ae5453e1e208
  WordPress-iOS-Shared: b5f43a6eef958a1c938bd23428719fef55a4969a
  WordPressCom-Analytics-iOS: ed19908a43ccd02a186dd03793bcb22d05eddda7
  WordPressCom-Stats-iOS: a5cdaf171ac1b7e19eabcf0b3389682b084af019

COCOAPODS: 0.35.0
